
Microsoft Visual Studio Solution File, Format Version 12.00
# Visual Studio Version 16
VisualStudioVersion = 16.0.29326.143
MinimumVisualStudioVersion = 10.0.40219.1
Project("{FAE04EC0-301F-11D3-BF4B-00C04F79EFBC}") = "BulkyBook", "BulkyBook.csproj", "{9CAF5A0F-8FDE-4ED6-BC98-C404838C15D1}"
EndProject
Global
	GlobalSection(SolutionConfigurationPlatforms) = preSolution
		Debug|Any CPU = Debug|Any CPU
		Release|Any CPU = Release|Any CPU
	EndGlobalSection
	GlobalSection(ProjectConfigurationPlatforms) = postSolution
		{9CAF5A0F-8FDE-4ED6-BC98-C404838C15D1}.Debug|Any CPU.ActiveCfg = Debug|Any CPU
		{9CAF5A0F-8FDE-4ED6-BC98-C404838C15D1}.Debug|Any CPU.Build.0 = Debug|Any CPU
		{9CAF5A0F-8FDE-4ED6-BC98-C404838C15D1}.Release|Any CPU.ActiveCfg = Release|Any CPU
		{9CAF5A0F-8FDE-4ED6-BC98-C404838C15D1}.Release|Any CPU.Build.0 = Release|Any CPU
	EndGlobalSection
	GlobalSection(SolutionProperties) = preSolution
		HideSolutionNode = FALSE
	EndGlobalSection
	GlobalSection(ExtensibilityGlobals) = postSolution
		SolutionGuid = {90EF9B43-F8C1-48D9-A70F-67E250BFFB07}
	EndGlobalSection
EndGlobal
